
Microsoft Visual Studio Solution File, Format Version 12.00
# Visual Studio 2012
Project("{FAE04EC0-301F-11D3-BF4B-00C04F79EFBC}") = "FehBot", "FehBot\FehBot.csproj", "{873560F7-8554-4189-80D5-8B4EC5C41DD4}"
EndProject
Project("{2150E333-8FDC-42A3-9474-1A3956D46DE8}") = "Solution Items", "Solution Items", "{7FEF8E85-A66D-4FE4-A6B9-BD0B4B115CC6}"
	ProjectSection(SolutionItems) = preProject
		LICENSE.md = LICENSE.md
		README.md = README.md
	EndProjectSection
EndProject
Global
	GlobalSection(SolutionConfigurationPlatforms) = preSolution
		Debug|x86 = Debug|x86
		Release|x86 = Release|x86
	EndGlobalSection
	GlobalSection(ProjectConfigurationPlatforms) = postSolution
		{873560F7-8554-4189-80D5-8B4EC5C41DD4}.Debug|x86.ActiveCfg = Debug|x86
		{873560F7-8554-4189-80D5-8B4EC5C41DD4}.Debug|x86.Build.0 = Debug|x86
		{873560F7-8554-4189-80D5-8B4EC5C41DD4}.Release|x86.ActiveCfg = Release|x86
		{873560F7-8554-4189-80D5-8B4EC5C41DD4}.Release|x86.Build.0 = Release|x86
	EndGlobalSection
	GlobalSection(NestedProjects) = preSolution
	EndGlobalSection
EndGlobal
